<?xml version="1.0" encoding="utf-8"?>
<Project ToolsVersion="4.0" xmlns="http://schemas.microsoft.com/developer/msbuild/2003">
  <ItemGroup>
    <Filter Include="Üst Bilgi Dosyaları">
      <UniqueIdentifier>{93995380-89BD-4b04-88EB-625FBE52EBFB}</UniqueIdentifier>
      <Extensions>h;hh;hpp;hxx;h++;hm;inl;inc;ipp;xsd</Extensions>
    </Filter>
    <Filter Include="Kaynak Dosyaları">
      <UniqueIdentifier>{67DA6AB6-F800-4c08-8B7A-83BB121AAD01}</UniqueIdentifier>
      <Extensions>rc;ico;cur;bmp;dlg;rc2;rct;bin;rgs;gif;jpg;jpeg;jpe;resx;tiff;tif;png;wav;mfcribbon-ms</Extensions>
    </Filter>
    <Filter Include="Tutorial2">
      <UniqueIdentifier>{94783bb2-a108-454e-ba67-0e4f98992021}</UniqueIdentifier>
    </Filter>
    <Filter Include="Shaders">
      <UniqueIdentifier>{d8f13b32-463d-46d0-99ee-fd161497c098}</UniqueIdentifier>
    </Filter>
    <Filter Include="Device">
      <UniqueIdentifier>{5952847b-e767-43fc-af98-ebac8e5ea079}</UniqueIdentifier>
    </Filter>
  </ItemGroup>
  <ItemGroup>
    <ClInclude Include="framework.h">
      <Filter>Kaynak Dosyaları</Filter>
    </ClInclude>
    <ClInclude Include="Vulkan.h">
      <Filter>Kaynak Dosyaları</Filter>
    </ClInclude>
    <ClInclude Include="targetver.h">
      <Filter>Kaynak Dosyaları</Filter>
    </ClInclude>
    <ClInclude Include="Resource.h">
      <Filter>Kaynak Dosyaları</Filter>
    </ClInclude>
    <ClInclude Include="lve_window.hpp">
      <Filter>Üst Bilgi Dosyaları</Filter>
    </ClInclude>
    <ClInclude Include="first_app.hpp">
      <Filter>Üst Bilgi Dosyaları</Filter>
    </ClInclude>
    <ClInclude Include="lve_pipeline.hpp">
      <Filter>Üst Bilgi Dosyaları</Filter>
    </ClInclude>
    <ClInclude Include="lve_device.hpp">
      <Filter>Tutorial2</Filter>
    </ClInclude>
  </ItemGroup>
  <ItemGroup>
    <ResourceCompile Include="Vulkan.rc">
      <Filter>Kaynak Dosyaları</Filter>
    </ResourceCompile>
  </ItemGroup>
  <ItemGroup>
    <Image Include="small.ico">
      <Filter>Kaynak Dosyaları</Filter>
    </Image>
    <Image Include="Vulkan.ico">
      <Filter>Kaynak Dosyaları</Filter>
    </Image>
  </ItemGroup>
  <ItemGroup>
    <None Include="compile.bat" />
    <None Include="Shaders\simple_shader.vert">
      <Filter>Shaders</Filter>
    </None>
    <None Include="Shaders\simple_shader.frag">
      <Filter>Shaders</Filter>
    </None>
  </ItemGroup>
  <ItemGroup>
    <ClCompile Include="lve_window.cpp">
      <Filter>Tutorial2</Filter>
    </ClCompile>
    <ClCompile Include="main.cpp">
      <Filter>Tutorial2</Filter>
    </ClCompile>
    <ClCompile Include="first_app.cpp">
      <Filter>Tutorial2</Filter>
    </ClCompile>
    <ClCompile Include="lve_pipeline.cpp">
      <Filter>Tutorial2</Filter>
    </ClCompile>
    <ClCompile Include="lve_device.cpp">
      <Filter>Tutorial2</Filter>
    </ClCompile>
  </ItemGroup>
</Project>