<?xml version="1.0" encoding="utf-8"?>
<Project ToolsVersion="4.0" xmlns="http://schemas.microsoft.com/developer/msbuild/2003">
  <ItemGroup>
    <Filter Include="Kaynak Dosyalar">
      <UniqueIdentifier>{4FC737F1-C7A5-4376-A066-2A32D752A2FF}</UniqueIdentifier>
      <Extensions>cpp;c;cc;cxx;c++;cppm;ixx;def;odl;idl;hpj;bat;asm;asmx</Extensions>
    </Filter>
    <Filter Include="Üst Bilgi Dosyaları">
      <UniqueIdentifier>{93995380-89BD-4b04-88EB-625FBE52EBFB}</UniqueIdentifier>
      <Extensions>h;hh;hpp;hxx;h++;hm;inl;inc;ipp;xsd</Extensions>
    </Filter>
    <Filter Include="Kaynak Dosyaları">
      <UniqueIdentifier>{67DA6AB6-F800-4c08-8B7A-83BB121AAD01}</UniqueIdentifier>
      <Extensions>rc;ico;cur;bmp;dlg;rc2;rct;bin;rgs;gif;jpg;jpeg;jpe;resx;tiff;tif;png;wav;mfcribbon-ms</Extensions>
    </Filter>
    <Filter Include="Shaders">
      <UniqueIdentifier>{74a85e60-bdc5-4ff1-91ad-31f2d1029ad1}</UniqueIdentifier>
    </Filter>
    <Filter Include="OtherTutorial%28LikeAGrayMan%29">
      <UniqueIdentifier>{500047e7-dbd1-4eeb-ad5c-5bb10b9630ce}</UniqueIdentifier>
    </Filter>
  </ItemGroup>
  <ItemGroup>
    <ClInclude Include="first_app.hpp">
      <Filter>Üst Bilgi Dosyaları</Filter>
    </ClInclude>
    <ClInclude Include="lve_pipeline.hpp">
      <Filter>Üst Bilgi Dosyaları</Filter>
    </ClInclude>
    <ClInclude Include="..\..\..\Downloads\lve_device.hpp">
      <Filter>Üst Bilgi Dosyaları</Filter>
    </ClInclude>
    <ClInclude Include="lve_window.hpp">
      <Filter>Üst Bilgi Dosyaları</Filter>
    </ClInclude>
    <ClInclude Include="framework.h">
      <Filter>Kaynak Dosyaları</Filter>
    </ClInclude>
    <ClInclude Include="Vulkan.h">
      <Filter>Kaynak Dosyaları</Filter>
    </ClInclude>
    <ClInclude Include="targetver.h">
      <Filter>Kaynak Dosyaları</Filter>
    </ClInclude>
    <ClInclude Include="Resource.h">
      <Filter>Kaynak Dosyaları</Filter>
    </ClInclude>
  </ItemGroup>
  <ItemGroup>
    <ClCompile Include="main.cpp">
      <Filter>Kaynak Dosyalar</Filter>
    </ClCompile>
    <ClCompile Include="lve_window.cpp">
      <Filter>Kaynak Dosyalar</Filter>
    </ClCompile>
    <ClCompile Include="first_app.cpp">
      <Filter>Kaynak Dosyalar</Filter>
    </ClCompile>
    <ClCompile Include="lve_pipeline.cpp">
      <Filter>Kaynak Dosyalar</Filter>
    </ClCompile>
    <ClCompile Include="..\..\..\Downloads\lve_device.cpp">
      <Filter>Kaynak Dosyalar</Filter>
    </ClCompile>
    <ClCompile Include="main2.cpp">
      <Filter>OtherTutorial%28LikeAGrayMan%29</Filter>
    </ClCompile>
  </ItemGroup>
  <ItemGroup>
    <ResourceCompile Include="Vulkan.rc">
      <Filter>Kaynak Dosyaları</Filter>
    </ResourceCompile>
  </ItemGroup>
  <ItemGroup>
    <Image Include="small.ico">
      <Filter>Kaynak Dosyaları</Filter>
    </Image>
    <Image Include="Vulkan.ico">
      <Filter>Kaynak Dosyaları</Filter>
    </Image>
  </ItemGroup>
  <ItemGroup>
    <None Include="compile.bat">
      <Filter>Kaynak Dosyalar</Filter>
    </None>
    <None Include="simple_shader.vert">
      <Filter>Shaders</Filter>
    </None>
    <None Include="simple_shader.frag">
      <Filter>Shaders</Filter>
    </None>
    <None Include="compile.sh">
      <Filter>Kaynak Dosyaları</Filter>
    </None>
  </ItemGroup>
</Project>